
Microsoft Visual Studio Solution File, Format Version 12.00
# Visual Studio Version 17
VisualStudioVersion = 17.11.35327.3
MinimumVisualStudioVersion = 10.0.40219.1
Project("{FAE04EC0-301F-11D3-BF4B-00C04F79EFBC}") = "x86Cinemas", "x86Cinemas\x86Cinemas.csproj", "{03E8BB4E-800F-4A4C-9822-6E73D0A0B439}"
EndProject
Global
	GlobalSection(SolutionConfigurationPlatforms) = preSolution
		Debug|Any CPU = Debug|Any CPU
		Release|Any CPU = Release|Any CPU
	EndGlobalSection
	GlobalSection(ProjectConfigurationPlatforms) = postSolution
		{03E8BB4E-800F-4A4C-9822-6E73D0A0B439}.Debug|Any CPU.ActiveCfg = Debug|Any CPU
		{03E8BB4E-800F-4A4C-9822-6E73D0A0B439}.Debug|Any CPU.Build.0 = Debug|Any CPU
		{03E8BB4E-800F-4A4C-9822-6E73D0A0B439}.Release|Any CPU.ActiveCfg = Release|Any CPU
		{03E8BB4E-800F-4A4C-9822-6E73D0A0B439}.Release|Any CPU.Build.0 = Release|Any CPU
	EndGlobalSection
	GlobalSection(SolutionProperties) = preSolution
		HideSolutionNode = FALSE
	EndGlobalSection
	GlobalSection(ExtensibilityGlobals) = postSolution
		SolutionGuid = {A1F62F2A-82AC-4363-BAC0-50DDE6C22446}
	EndGlobalSection
EndGlobal
